
Microsoft Visual Studio Solution File, Format Version 12.00
# Visual Studio Version 17
VisualStudioVersion = 17.10.35027.167
MinimumVisualStudioVersion = 10.0.40219.1
Project("{FAE04EC0-301F-11D3-BF4B-00C04F79EFBC}") = "InfoSystemAssignment", "InfoSystemAssignment.csproj", "{7846F145-5A97-4ACD-96F3-A67DCC70FD5E}"
EndProject
Global
	GlobalSection(SolutionConfigurationPlatforms) = preSolution
		Debug|Any CPU = Debug|Any CPU
		Release|Any CPU = Release|Any CPU
	EndGlobalSection
	GlobalSection(ProjectConfigurationPlatforms) = postSolution
		{7846F145-5A97-4ACD-96F3-A67DCC70FD5E}.Debug|Any CPU.ActiveCfg = Debug|Any CPU
		{7846F145-5A97-4ACD-96F3-A67DCC70FD5E}.Debug|Any CPU.Build.0 = Debug|Any CPU
		{7846F145-5A97-4ACD-96F3-A67DCC70FD5E}.Release|Any CPU.ActiveCfg = Release|Any CPU
		{7846F145-5A97-4ACD-96F3-A67DCC70FD5E}.Release|Any CPU.Build.0 = Release|Any CPU
	EndGlobalSection
	GlobalSection(SolutionProperties) = preSolution
		HideSolutionNode = FALSE
	EndGlobalSection
	GlobalSection(ExtensibilityGlobals) = postSolution
		SolutionGuid = {A6A96D0E-8EC0-49AB-AE01-8A950768244D}
	EndGlobalSection
EndGlobal
